{
    "_readme": [
        "This file locks the dependencies of your project to a known state",
        "Read more about it at https://getcomposer.org/doc/01-basic-usage.md#installing-dependencies",
        "This file is @generated automatically"
    ],
    "content-hash": "e60d59d15ea3acb5edb63cc1982a423e",
    "packages": [
        {
            "name": "palepurple/rate-limit",
            "version": "2.0.7",
            "source": {
                "type": "git",
                "url": "https://github.com/DavidGoodwin/RateLimit.git",
                "reference": "f1e9d5020adaf69b65a6ab5f2253ee96397ed2a6"
            },
            "dist": {
                "type": "zip",
                "url": "https://api.github.com/repos/DavidGoodwin/RateLimit/zipball/f1e9d5020adaf69b65a6ab5f2253ee96397ed2a6",
                "reference": "f1e9d5020adaf69b65a6ab5f2253ee96397ed2a6",
                "shasum": ""
            },
            "require": {
                "php": ">= 5.6"
            },
            "require-dev": {
                "friendsofphp/php-cs-fixer": "^2.7",
                "php-coveralls/php-coveralls": "^2.2",
                "php-parallel-lint/php-parallel-lint": "^1.0",
                "phpstan/phpstan": "*",
                "phpunit/phpunit": "^8",
                "predis/predis": "^1.1",
                "psr/cache": "^1.0",
                "tedivm/stash": "^0.16",
                "vimeo/psalm": "*"
            },
            "suggest": {
                "ext-apc": "^4.0",
                "ext-apcu": "^4.0",
                "ext-redis": "^2.2",
                "predis/predis": "^1.1",
                "tedivm/stash": "^0.15"
            },
            "type": "library",
            "autoload": {
                "psr-4": {
                    "PalePurple\\RateLimit\\": "src/"
                }
            },
            "notification-url": "https://packagist.org/downloads/",
            "license": [
                "MIT"
            ],
            "authors": [
                {
                    "name": "David Goodwin",
                    "email": "david@palepurple.co.uk"
                }
            ],
            "description": "PHP rate limiting library with Token Bucket Algorithm, originally touhonoob/rate-limit",
            "support": {
                "issues": "https://github.com/DavidGoodwin/RateLimit/issues",
                "source": "https://github.com/DavidGoodwin/RateLimit/tree/2.0.7"
            },
            "time": "2023-03-04T16:02:37+00:00"
        }
    ],
    "packages-dev": [],
    "aliases": [],
    "minimum-stability": "stable",
    "stability-flags": [],
    "prefer-stable": false,
    "prefer-lowest": false,
    "platform": [],
    "platform-dev": [],
    "plugin-api-version": "2.3.0"
}
